
Microsoft Visual Studio Solution File, Format Version 12.00
# Visual Studio Version 16
VisualStudioVersion = 16.0.30503.244
MinimumVisualStudioVersion = 10.0.40219.1
Project("{FAE04EC0-301F-11D3-BF4B-00C04F79EFBC}") = "BookStore", "BookStore.csproj", "{EF1445D0-FBDF-42AB-9DE2-1F528047B9D7}"
EndProject
Global
	GlobalSection(SolutionConfigurationPlatforms) = preSolution
		Debug|Any CPU = Debug|Any CPU
		Release|Any CPU = Release|Any CPU
	EndGlobalSection
	GlobalSection(ProjectConfigurationPlatforms) = postSolution
		{EF1445D0-FBDF-42AB-9DE2-1F528047B9D7}.Debug|Any CPU.ActiveCfg = Debug|Any CPU
		{EF1445D0-FBDF-42AB-9DE2-1F528047B9D7}.Debug|Any CPU.Build.0 = Debug|Any CPU
		{EF1445D0-FBDF-42AB-9DE2-1F528047B9D7}.Release|Any CPU.ActiveCfg = Release|Any CPU
		{EF1445D0-FBDF-42AB-9DE2-1F528047B9D7}.Release|Any CPU.Build.0 = Release|Any CPU
	EndGlobalSection
	GlobalSection(SolutionProperties) = preSolution
		HideSolutionNode = FALSE
	EndGlobalSection
	GlobalSection(ExtensibilityGlobals) = postSolution
		SolutionGuid = {463AEC8B-D97C-415C-9BE5-E3D7B53BCA08}
	EndGlobalSection
EndGlobal
